
Microsoft Visual Studio Solution File, Format Version 12.00
# Visual Studio 2012
Project("{2150E333-8FDC-42A3-9474-1A3956D46DE8}") = "Src", "Src", "{E1B3C8EF-EB84-48D5-99B6-875B3B9E095F}"
EndProject
Project("{2150E333-8FDC-42A3-9474-1A3956D46DE8}") = "1. Presentation", "1. Presentation", "{135730B0-3326-42CA-A0F8-1EA5F7A3225B}"
EndProject
Project("{2150E333-8FDC-42A3-9474-1A3956D46DE8}") = "2. Services", "2. Services", "{57EF88B8-5E6E-4017-9E74-136AE8A06C40}"
EndProject
Project("{2150E333-8FDC-42A3-9474-1A3956D46DE8}") = "3. Application", "3. Application", "{4C6A6ADD-D465-4E93-9458-94011A7A687A}"
EndProject
Project("{2150E333-8FDC-42A3-9474-1A3956D46DE8}") = "4. Domain", "4. Domain", "{EB882612-5A27-4DF7-8144-9A1552654F8E}"
EndProject
Project("{2150E333-8FDC-42A3-9474-1A3956D46DE8}") = "5. Infrastructure", "5. Infrastructure", "{2005AB5B-CC0F-4B12-B6AA-B9DF97B86001}"
EndProject
Project("{2150E333-8FDC-42A3-9474-1A3956D46DE8}") = "6. Test", "6. Test", "{64CC8BEE-5AAA-4CFB-A746-95562272BCCE}"
EndProject
Project("{FAE04EC0-301F-11D3-BF4B-00C04F79EFBC}") = "LawAndOrderApp.UI.Site", "src\LawAndOrderApp.UI.Site\LawAndOrderApp.UI.Site.csproj", "{29EB7820-9955-40FD-8C9A-C2D03D7FBD0B}"
EndProject
Project("{FAE04EC0-301F-11D3-BF4B-00C04F79EFBC}") = "LawInOrderApp.WebApi", "src\LawInOrderApp.WebApi\LawInOrderApp.WebApi.csproj", "{68DFA946-8187-434A-95B0-510CB382E784}"
EndProject
Project("{FAE04EC0-301F-11D3-BF4B-00C04F79EFBC}") = "LawInOrderApp.Application", "src\LawInOrderApp.Application\LawInOrderApp.Application.csproj", "{24E5BF1F-1B68-40C7-B765-BB04F91EB1F4}"
EndProject
Project("{FAE04EC0-301F-11D3-BF4B-00C04F79EFBC}") = "LawInOrderApp.Domain", "src\LawInOrderApp.Domain\LawInOrderApp.Domain.csproj", "{7731CD00-F55D-46B4-B7A2-8D1E1BCF7F37}"
EndProject
Project("{FAE04EC0-301F-11D3-BF4B-00C04F79EFBC}") = "LawInOrderApp.Infra.Data", "src\LawInOrderApp.Infra.Data\LawInOrderApp.Infra.Data.csproj", "{458EEEDD-D496-4572-B9F1-FD9C2E951F53}"
EndProject
Project("{FAE04EC0-301F-11D3-BF4B-00C04F79EFBC}") = "LawInOrderApp.Domain.Test", "src\LawInOrderApp.Services.Test\LawInOrderApp.Domain.Test\LawInOrderApp.Domain.Test.csproj", "{2F35944B-5A76-4BAE-A742-BDE125B59185}"
EndProject
Project("{FAE04EC0-301F-11D3-BF4B-00C04F79EFBC}") = "LawInOrderApp.Infra.CrossCutting.IoC", "src\LawInOrderApp.Infra.CrossCutting.IoC\LawInOrderApp.Infra.CrossCutting.IoC.csproj", "{E3665BF9-96C7-404B-97B2-3CF6C56E85E3}"
EndProject
Project("{FAE04EC0-301F-11D3-BF4B-00C04F79EFBC}") = "LawInOrderApp.Infra.CrossCutting.Bus", "src\LawInOrderApp.Infra.CrossCutting.Bus\LawInOrderApp.Infra.CrossCutting.Bus.csproj", "{4ABEB35E-9839-4C91-9C38-83F21E9216C2}"
EndProject
Project("{FAE04EC0-301F-11D3-BF4B-00C04F79EFBC}") = "LawInOrderApp.Infra.CrossCutting.Identity", "src\LawInOrderApp.Infra.CrossCutting.Identity\LawInOrderApp.Infra.CrossCutting.Identity.csproj", "{DFD3D924-BCFF-4647-AE40-ECE1D3D3736A}"
EndProject
Project("{FAE04EC0-301F-11D3-BF4B-00C04F79EFBC}") = "LawInOrderApp.Domain.Core", "src\LawInOrderApp.Domain.Core\LawInOrderApp.Domain.Core.csproj", "{D88E42F8-D888-4CC1-B77D-0DC84CD51E8F}"
EndProject
Global
	GlobalSection(SolutionConfigurationPlatforms) = preSolution
		Debug|Any CPU = Debug|Any CPU
		Release|Any CPU = Release|Any CPU
	EndGlobalSection
	GlobalSection(ProjectConfigurationPlatforms) = postSolution
		{29EB7820-9955-40FD-8C9A-C2D03D7FBD0B}.Debug|Any CPU.ActiveCfg = Debug|Any CPU
		{29EB7820-9955-40FD-8C9A-C2D03D7FBD0B}.Debug|Any CPU.Build.0 = Debug|Any CPU
		{29EB7820-9955-40FD-8C9A-C2D03D7FBD0B}.Release|Any CPU.ActiveCfg = Release|Any CPU
		{29EB7820-9955-40FD-8C9A-C2D03D7FBD0B}.Release|Any CPU.Build.0 = Release|Any CPU
		{68DFA946-8187-434A-95B0-510CB382E784}.Debug|Any CPU.ActiveCfg = Debug|Any CPU
		{68DFA946-8187-434A-95B0-510CB382E784}.Debug|Any CPU.Build.0 = Debug|Any CPU
		{68DFA946-8187-434A-95B0-510CB382E784}.Release|Any CPU.ActiveCfg = Release|Any CPU
		{68DFA946-8187-434A-95B0-510CB382E784}.Release|Any CPU.Build.0 = Release|Any CPU
		{24E5BF1F-1B68-40C7-B765-BB04F91EB1F4}.Debug|Any CPU.ActiveCfg = Debug|Any CPU
		{24E5BF1F-1B68-40C7-B765-BB04F91EB1F4}.Debug|Any CPU.Build.0 = Debug|Any CPU
		{24E5BF1F-1B68-40C7-B765-BB04F91EB1F4}.Release|Any CPU.ActiveCfg = Release|Any CPU
		{24E5BF1F-1B68-40C7-B765-BB04F91EB1F4}.Release|Any CPU.Build.0 = Release|Any CPU
		{7731CD00-F55D-46B4-B7A2-8D1E1BCF7F37}.Debug|Any CPU.ActiveCfg = Debug|Any CPU
		{7731CD00-F55D-46B4-B7A2-8D1E1BCF7F37}.Debug|Any CPU.Build.0 = Debug|Any CPU
		{7731CD00-F55D-46B4-B7A2-8D1E1BCF7F37}.Release|Any CPU.ActiveCfg = Release|Any CPU
		{7731CD00-F55D-46B4-B7A2-8D1E1BCF7F37}.Release|Any CPU.Build.0 = Release|Any CPU
		{458EEEDD-D496-4572-B9F1-FD9C2E951F53}.Debug|Any CPU.ActiveCfg = Debug|Any CPU
		{458EEEDD-D496-4572-B9F1-FD9C2E951F53}.Debug|Any CPU.Build.0 = Debug|Any CPU
		{458EEEDD-D496-4572-B9F1-FD9C2E951F53}.Release|Any CPU.ActiveCfg = Release|Any CPU
		{458EEEDD-D496-4572-B9F1-FD9C2E951F53}.Release|Any CPU.Build.0 = Release|Any CPU
		{2F35944B-5A76-4BAE-A742-BDE125B59185}.Debug|Any CPU.ActiveCfg = Debug|Any CPU
		{2F35944B-5A76-4BAE-A742-BDE125B59185}.Debug|Any CPU.Build.0 = Debug|Any CPU
		{2F35944B-5A76-4BAE-A742-BDE125B59185}.Release|Any CPU.ActiveCfg = Release|Any CPU
		{2F35944B-5A76-4BAE-A742-BDE125B59185}.Release|Any CPU.Build.0 = Release|Any CPU
		{E3665BF9-96C7-404B-97B2-3CF6C56E85E3}.Debug|Any CPU.ActiveCfg = Debug|Any CPU
		{E3665BF9-96C7-404B-97B2-3CF6C56E85E3}.Debug|Any CPU.Build.0 = Debug|Any CPU
		{E3665BF9-96C7-404B-97B2-3CF6C56E85E3}.Release|Any CPU.ActiveCfg = Release|Any CPU
		{E3665BF9-96C7-404B-97B2-3CF6C56E85E3}.Release|Any CPU.Build.0 = Release|Any CPU
		{4ABEB35E-9839-4C91-9C38-83F21E9216C2}.Debug|Any CPU.ActiveCfg = Debug|Any CPU
		{4ABEB35E-9839-4C91-9C38-83F21E9216C2}.Debug|Any CPU.Build.0 = Debug|Any CPU
		{4ABEB35E-9839-4C91-9C38-83F21E9216C2}.Release|Any CPU.ActiveCfg = Release|Any CPU
		{4ABEB35E-9839-4C91-9C38-83F21E9216C2}.Release|Any CPU.Build.0 = Release|Any CPU
		{DFD3D924-BCFF-4647-AE40-ECE1D3D3736A}.Debug|Any CPU.ActiveCfg = Debug|Any CPU
		{DFD3D924-BCFF-4647-AE40-ECE1D3D3736A}.Debug|Any CPU.Build.0 = Debug|Any CPU
		{DFD3D924-BCFF-4647-AE40-ECE1D3D3736A}.Release|Any CPU.ActiveCfg = Release|Any CPU
		{DFD3D924-BCFF-4647-AE40-ECE1D3D3736A}.Release|Any CPU.Build.0 = Release|Any CPU
		{D88E42F8-D888-4CC1-B77D-0DC84CD51E8F}.Debug|Any CPU.ActiveCfg = Debug|Any CPU
		{D88E42F8-D888-4CC1-B77D-0DC84CD51E8F}.Debug|Any CPU.Build.0 = Debug|Any CPU
		{D88E42F8-D888-4CC1-B77D-0DC84CD51E8F}.Release|Any CPU.ActiveCfg = Release|Any CPU
		{D88E42F8-D888-4CC1-B77D-0DC84CD51E8F}.Release|Any CPU.Build.0 = Release|Any CPU
	EndGlobalSection
	GlobalSection(NestedProjects) = preSolution
		{135730B0-3326-42CA-A0F8-1EA5F7A3225B} = {E1B3C8EF-EB84-48D5-99B6-875B3B9E095F}
		{57EF88B8-5E6E-4017-9E74-136AE8A06C40} = {E1B3C8EF-EB84-48D5-99B6-875B3B9E095F}
		{4C6A6ADD-D465-4E93-9458-94011A7A687A} = {E1B3C8EF-EB84-48D5-99B6-875B3B9E095F}
		{EB882612-5A27-4DF7-8144-9A1552654F8E} = {E1B3C8EF-EB84-48D5-99B6-875B3B9E095F}
		{2005AB5B-CC0F-4B12-B6AA-B9DF97B86001} = {E1B3C8EF-EB84-48D5-99B6-875B3B9E095F}
		{64CC8BEE-5AAA-4CFB-A746-95562272BCCE} = {E1B3C8EF-EB84-48D5-99B6-875B3B9E095F}
		{29EB7820-9955-40FD-8C9A-C2D03D7FBD0B} = {135730B0-3326-42CA-A0F8-1EA5F7A3225B}
		{68DFA946-8187-434A-95B0-510CB382E784} = {57EF88B8-5E6E-4017-9E74-136AE8A06C40}
		{24E5BF1F-1B68-40C7-B765-BB04F91EB1F4} = {4C6A6ADD-D465-4E93-9458-94011A7A687A}
		{7731CD00-F55D-46B4-B7A2-8D1E1BCF7F37} = {EB882612-5A27-4DF7-8144-9A1552654F8E}
		{458EEEDD-D496-4572-B9F1-FD9C2E951F53} = {2005AB5B-CC0F-4B12-B6AA-B9DF97B86001}
		{2F35944B-5A76-4BAE-A742-BDE125B59185} = {64CC8BEE-5AAA-4CFB-A746-95562272BCCE}
		{E3665BF9-96C7-404B-97B2-3CF6C56E85E3} = {2005AB5B-CC0F-4B12-B6AA-B9DF97B86001}
		{4ABEB35E-9839-4C91-9C38-83F21E9216C2} = {2005AB5B-CC0F-4B12-B6AA-B9DF97B86001}
		{DFD3D924-BCFF-4647-AE40-ECE1D3D3736A} = {2005AB5B-CC0F-4B12-B6AA-B9DF97B86001}
		{D88E42F8-D888-4CC1-B77D-0DC84CD51E8F} = {EB882612-5A27-4DF7-8144-9A1552654F8E}
	EndGlobalSection
EndGlobal
